// !$*UTF8*$!
{
	archiveVersion = 1;
	classes = {
	};
	objectVersion = 55;
	objects = {

/* Begin PBXBuildFile section */
		A401D7F728C444C80085EBB5 /* Solution_145.swift in Sources */ = {isa = PBXBuildFile; fileRef = A401D7F628C444C80085EBB5 /* Solution_145.swift */; };
		A41A4E5C28C0639A00B7AB96 /* So61.swift in Sources */ = {isa = PBXBuildFile; fileRef = A41A4E5B28C0639A00B7AB96 /* So61.swift */; };
		A41A4E6028C06D4C00B7AB96 /* So9.swift in Sources */ = {isa = PBXBuildFile; fileRef = A41A4E5F28C06D4C00B7AB96 /* So9.swift */; };
		A41A4E6328C06E2E00B7AB96 /* Sof72.swift in Sources */ = {isa = PBXBuildFile; fileRef = A41A4E6228C06E2E00B7AB96 /* Sof72.swift */; };
		A41A4E6628C072C200B7AB96 /* Solution_704.swift in Sources */ = {isa = PBXBuildFile; fileRef = A41A4E6528C072C200B7AB96 /* Solution_704.swift */; };
		A41DCF2F28B46A8D00FB6012 /* Solution_24.swift in Sources */ = {isa = PBXBuildFile; fileRef = A41DCF2E28B46A8D00FB6012 /* Solution_24.swift */; };
		A41DCF3128B46BF000FB6012 /* Solution_25.swift in Sources */ = {isa = PBXBuildFile; fileRef = A41DCF3028B46BF000FB6012 /* Solution_25.swift */; };
		A41DCF3328B7228E00FB6012 /* Solution_142.swift in Sources */ = {isa = PBXBuildFile; fileRef = A41DCF3228B7228E00FB6012 /* Solution_142.swift */; };
		A41DCF3528B863A800FB6012 /* Solution_234.swift in Sources */ = {isa = PBXBuildFile; fileRef = A41DCF3428B863A800FB6012 /* Solution_234.swift */; };
		A41DCF3728B878A700FB6012 /* Solution_328.swift in Sources */ = {isa = PBXBuildFile; fileRef = A41DCF3628B878A700FB6012 /* Solution_328.swift */; };
		A41DCF3928B9CCF500FB6012 /* Solution_19.swift in Sources */ = {isa = PBXBuildFile; fileRef = A41DCF3828B9CCF500FB6012 /* Solution_19.swift */; };
		A41DCF3B28B9D48000FB6012 /* Solution_237.swift in Sources */ = {isa = PBXBuildFile; fileRef = A41DCF3A28B9D48000FB6012 /* Solution_237.swift */; };
		A41DCF3D28BB23E900FB6012 /* Solution_61.swift in Sources */ = {isa = PBXBuildFile; fileRef = A41DCF3C28BB23E900FB6012 /* Solution_61.swift */; };
		A41DCF3F28BC6E1B00FB6012 /* Solution_876.swift in Sources */ = {isa = PBXBuildFile; fileRef = A41DCF3E28BC6E1B00FB6012 /* Solution_876.swift */; };
		A41DCF4128BDB28200FB6012 /* Solution_86.swift in Sources */ = {isa = PBXBuildFile; fileRef = A41DCF4028BDB28200FB6012 /* Solution_86.swift */; };
		A41DCF4328BDB49600FB6012 /* Solution_83.swift in Sources */ = {isa = PBXBuildFile; fileRef = A41DCF4228BDB49600FB6012 /* Solution_83.swift */; };
		A41DCF4528BDB64F00FB6012 /* Solution_82.swift in Sources */ = {isa = PBXBuildFile; fileRef = A41DCF4428BDB64F00FB6012 /* Solution_82.swift */; };
		A41DCF4728BF021500FB6012 /* Solution_148.swift in Sources */ = {isa = PBXBuildFile; fileRef = A41DCF4628BF021500FB6012 /* Solution_148.swift */; };
		A41DCF4928BF270400FB6012 /* Solution_Sort.swift in Sources */ = {isa = PBXBuildFile; fileRef = A41DCF4828BF270400FB6012 /* Solution_Sort.swift */; };
		A41DCF4C28BF861400FB6012 /* Solution_offer50.swift in Sources */ = {isa = PBXBuildFile; fileRef = A41DCF4B28BF861400FB6012 /* Solution_offer50.swift */; };
		A43A115B28C894E20011A530 /* So48.swift in Sources */ = {isa = PBXBuildFile; fileRef = A43A115A28C894E20011A530 /* So48.swift */; };
		A45DAE3028D17D75001BAC30 /* Solution_47.swift in Sources */ = {isa = PBXBuildFile; fileRef = A45DAE2F28D17D75001BAC30 /* Solution_47.swift */; };
		A45DAE3228D17E60001BAC30 /* Solution_78.swift in Sources */ = {isa = PBXBuildFile; fileRef = A45DAE3128D17E60001BAC30 /* Solution_78.swift */; };
		A45DAE3428D17EF4001BAC30 /* Solution_90.swift in Sources */ = {isa = PBXBuildFile; fileRef = A45DAE3328D17EF4001BAC30 /* Solution_90.swift */; };
		A45DAE3628D1C5E7001BAC30 /* Solution_491.swift in Sources */ = {isa = PBXBuildFile; fileRef = A45DAE3528D1C5E7001BAC30 /* Solution_491.swift */; };
		A45DAE3928D1D8AE001BAC30 /* Solution_53_2.swift in Sources */ = {isa = PBXBuildFile; fileRef = A45DAE3828D1D8AE001BAC30 /* Solution_53_2.swift */; };
		A45DAE3B28D1E0E5001BAC30 /* Solution_55.swift in Sources */ = {isa = PBXBuildFile; fileRef = A45DAE3A28D1E0E5001BAC30 /* Solution_55.swift */; };
		A45DAE3D28D22735001BAC30 /* Solution_322.swift in Sources */ = {isa = PBXBuildFile; fileRef = A45DAE3C28D22735001BAC30 /* Solution_322.swift */; };
		A45DAE4A28D33D9B001BAC30 /* Solution_121.swift in Sources */ = {isa = PBXBuildFile; fileRef = A45DAE4928D33D9B001BAC30 /* Solution_121.swift */; };
		A45DAE4C28D373BF001BAC30 /* Solution_122.swift in Sources */ = {isa = PBXBuildFile; fileRef = A45DAE4B28D373BF001BAC30 /* Solution_122.swift */; };
		A45DAE4E28D4119C001BAC30 /* Solution_309.swift in Sources */ = {isa = PBXBuildFile; fileRef = A45DAE4D28D4119C001BAC30 /* Solution_309.swift */; };
		A45DAE5128D43498001BAC30 /* Solution_416.swift in Sources */ = {isa = PBXBuildFile; fileRef = A45DAE5028D43498001BAC30 /* Solution_416.swift */; };
		A45DAE5928D5750B001BAC30 /* Solution_560.swift in Sources */ = {isa = PBXBuildFile; fileRef = A45DAE5828D5750B001BAC30 /* Solution_560.swift */; };
		A45DAE5B28D57B18001BAC30 /* Solution_1.swift in Sources */ = {isa = PBXBuildFile; fileRef = A45DAE5A28D57B18001BAC30 /* Solution_1.swift */; };
		A460BC2E28D02DF900B8DB24 /* Solution_77.swift in Sources */ = {isa = PBXBuildFile; fileRef = A460BC2D28D02DF900B8DB24 /* Solution_77.swift */; };
		A460BC3028D0695200B8DB24 /* Solution_17.swift in Sources */ = {isa = PBXBuildFile; fileRef = A460BC2F28D0695200B8DB24 /* Solution_17.swift */; };
		A460BC3228D06E8A00B8DB24 /* Solution_39.swift in Sources */ = {isa = PBXBuildFile; fileRef = A460BC3128D06E8A00B8DB24 /* Solution_39.swift */; };
		A460BC3428D0788300B8DB24 /* Solution_40.swift in Sources */ = {isa = PBXBuildFile; fileRef = A460BC3328D0788300B8DB24 /* Solution_40.swift */; };
		A460BC3628D078DB00B8DB24 /* Solution_216.swift in Sources */ = {isa = PBXBuildFile; fileRef = A460BC3528D078DB00B8DB24 /* Solution_216.swift */; };
		A460BC3828D0989800B8DB24 /* Solution_131.swift in Sources */ = {isa = PBXBuildFile; fileRef = A460BC3728D0989800B8DB24 /* Solution_131.swift */; };
		A460BC3A28D0DC7600B8DB24 /* Solution_46.swift in Sources */ = {isa = PBXBuildFile; fileRef = A460BC3928D0DC7600B8DB24 /* Solution_46.swift */; };
		A475875528D82FFA007E683F /* Solution_2095.swift in Sources */ = {isa = PBXBuildFile; fileRef = A475875428D82FFA007E683F /* Solution_2095.swift */; };
		A475875728D85F80007E683F /* Solution_92.swift in Sources */ = {isa = PBXBuildFile; fileRef = A475875628D85F80007E683F /* Solution_92.swift */; };
		A475875928D89B16007E683F /* Solution_26.swift in Sources */ = {isa = PBXBuildFile; fileRef = A475875828D89B16007E683F /* Solution_26.swift */; };
		A475875B28D8A0C2007E683F /* Solution_27.swift in Sources */ = {isa = PBXBuildFile; fileRef = A475875A28D8A0C2007E683F /* Solution_27.swift */; };
		A475875D28D8A526007E683F /* Solution_283.swift in Sources */ = {isa = PBXBuildFile; fileRef = A475875C28D8A526007E683F /* Solution_283.swift */; };
		A475875F28D8A802007E683F /* 数组.swift in Sources */ = {isa = PBXBuildFile; fileRef = A475875E28D8A802007E683F /* 数组.swift */; };
		A475876128D8A997007E683F /* Solution_167.swift in Sources */ = {isa = PBXBuildFile; fileRef = A475876028D8A997007E683F /* Solution_167.swift */; };
		A475876328D8AC67007E683F /* Solution_344.swift in Sources */ = {isa = PBXBuildFile; fileRef = A475876228D8AC67007E683F /* Solution_344.swift */; };
		A475876528D8AE8C007E683F /* Solution_5.swift in Sources */ = {isa = PBXBuildFile; fileRef = A475876428D8AE8C007E683F /* Solution_5.swift */; };
		A475876728D95CC9007E683F /* Solution_34.swift in Sources */ = {isa = PBXBuildFile; fileRef = A475876628D95CC9007E683F /* Solution_34.swift */; };
		A475876B28D974FA007E683F /* Solution_875.swift in Sources */ = {isa = PBXBuildFile; fileRef = A475876A28D974FA007E683F /* Solution_875.swift */; };
		A475876D28D97EBA007E683F /* Solution_1011.swift in Sources */ = {isa = PBXBuildFile; fileRef = A475876C28D97EBA007E683F /* Solution_1011.swift */; };
		A475876F28D9A6D5007E683F /* Solution_48.swift in Sources */ = {isa = PBXBuildFile; fileRef = A475876E28D9A6D5007E683F /* Solution_48.swift */; };
		A475877128D9AC82007E683F /* Solution_54.swift in Sources */ = {isa = PBXBuildFile; fileRef = A475877028D9AC82007E683F /* Solution_54.swift */; };
		A475877328D9BB0C007E683F /* Solution_303.swift in Sources */ = {isa = PBXBuildFile; fileRef = A475877228D9BB0C007E683F /* Solution_303.swift */; };
		A475877728D9C11F007E683F /* Solution_523.swift in Sources */ = {isa = PBXBuildFile; fileRef = A475877628D9C11F007E683F /* Solution_523.swift */; };
		A475877928D9F220007E683F /* 滑动窗口.swift in Sources */ = {isa = PBXBuildFile; fileRef = A475877828D9F220007E683F /* 滑动窗口.swift */; };
		A475877B28D9F938007E683F /* Solution_76.swift in Sources */ = {isa = PBXBuildFile; fileRef = A475877A28D9F938007E683F /* Solution_76.swift */; };
		A475877D28DA0D9A007E683F /* Solution_567.swift in Sources */ = {isa = PBXBuildFile; fileRef = A475877C28DA0D9A007E683F /* Solution_567.swift */; };
		A475877F28DAA1CA007E683F /* Solution_438.swift in Sources */ = {isa = PBXBuildFile; fileRef = A475877E28DAA1CA007E683F /* Solution_438.swift */; };
		A475878128DAB939007E683F /* 二分搜索.swift in Sources */ = {isa = PBXBuildFile; fileRef = A475878028DAB939007E683F /* 二分搜索.swift */; };
		A475878328DABB27007E683F /* 链表.swift in Sources */ = {isa = PBXBuildFile; fileRef = A475875128D76790007E683F /* 链表.swift */; };
		A475878628DAF60E007E683F /* 二叉树.swift in Sources */ = {isa = PBXBuildFile; fileRef = A475878528DAF60E007E683F /* 二叉树.swift */; };
		A475878828DB03FA007E683F /* Solution_543.swift in Sources */ = {isa = PBXBuildFile; fileRef = A475878728DB03FA007E683F /* Solution_543.swift */; };
		A475878A28DB1999007E683F /* Solution_116.swift in Sources */ = {isa = PBXBuildFile; fileRef = A475878928DB1999007E683F /* Solution_116.swift */; };
		A475878C28DB19BA007E683F /* Solution_114.swift in Sources */ = {isa = PBXBuildFile; fileRef = A475878B28DB19BA007E683F /* Solution_114.swift */; };
		A475878E28DB4298007E683F /* Solution_654.swift in Sources */ = {isa = PBXBuildFile; fileRef = A475878D28DB4298007E683F /* Solution_654.swift */; };
		A475879328DB451A007E683F /* So26.swift in Sources */ = {isa = PBXBuildFile; fileRef = A475879228DB451A007E683F /* So26.swift */; };
		A49B0B8D28A5EC7B003F9DC1 /* AppDelegate.swift in Sources */ = {isa = PBXBuildFile; fileRef = A49B0B8C28A5EC7B003F9DC1 /* AppDelegate.swift */; };
		A49B0B8F28A5EC7B003F9DC1 /* SceneDelegate.swift in Sources */ = {isa = PBXBuildFile; fileRef = A49B0B8E28A5EC7B003F9DC1 /* SceneDelegate.swift */; };
		A49B0B9128A5EC7B003F9DC1 /* ViewController.swift in Sources */ = {isa = PBXBuildFile; fileRef = A49B0B9028A5EC7B003F9DC1 /* ViewController.swift */; };
		A49B0B9428A5EC7B003F9DC1 /* Main.storyboard in Resources */ = {isa = PBXBuildFile; fileRef = A49B0B9228A5EC7B003F9DC1 /* Main.storyboard */; };
		A49B0B9628A5EC7D003F9DC1 /* Assets.xcassets in Resources */ = {isa = PBXBuildFile; fileRef = A49B0B9528A5EC7D003F9DC1 /* Assets.xcassets */; };
		A49B0B9928A5EC7D003F9DC1 /* LaunchScreen.storyboard in Resources */ = {isa = PBXBuildFile; fileRef = A49B0B9728A5EC7D003F9DC1 /* LaunchScreen.storyboard */; };
		A49B0BA328A5EC8B003F9DC1 /* Solution_49.swift in Sources */ = {isa = PBXBuildFile; fileRef = A49B0BA128A5EC8B003F9DC1 /* Solution_49.swift */; };
		A49B0BA428A5EC8B003F9DC1 /* Solution_215.swift in Sources */ = {isa = PBXBuildFile; fileRef = A49B0BA228A5EC8B003F9DC1 /* Solution_215.swift */; };
		A49B0BA728A5EC92003F9DC1 /* Solution_53.swift in Sources */ = {isa = PBXBuildFile; fileRef = A49B0BA628A5EC92003F9DC1 /* Solution_53.swift */; };
		A49B0BAA28A5EC96003F9DC1 /* Solution_3.swift in Sources */ = {isa = PBXBuildFile; fileRef = A49B0BA928A5EC96003F9DC1 /* Solution_3.swift */; };
		A49B0BB128A5EC9B003F9DC1 /* Solution_141.swift in Sources */ = {isa = PBXBuildFile; fileRef = A49B0BAC28A5EC9B003F9DC1 /* Solution_141.swift */; };
		A49B0BB228A5EC9B003F9DC1 /* Solution_203.swift in Sources */ = {isa = PBXBuildFile; fileRef = A49B0BAD28A5EC9B003F9DC1 /* Solution_203.swift */; };
		A49B0BB328A5EC9B003F9DC1 /* Solution_21.swift in Sources */ = {isa = PBXBuildFile; fileRef = A49B0BAE28A5EC9B003F9DC1 /* Solution_21.swift */; };
		A49B0BB428A5EC9B003F9DC1 /* Solution_206.swift in Sources */ = {isa = PBXBuildFile; fileRef = A49B0BAF28A5EC9B003F9DC1 /* Solution_206.swift */; };
		A49B0BB528A5EC9B003F9DC1 /* Solution_160.swift in Sources */ = {isa = PBXBuildFile; fileRef = A49B0BB028A5EC9B003F9DC1 /* Solution_160.swift */; };
		A49B0BBD28A5ECA0003F9DC1 /* Solution_94.swift in Sources */ = {isa = PBXBuildFile; fileRef = A49B0BB728A5ECA0003F9DC1 /* Solution_94.swift */; };
		A49B0BBE28A5ECA0003F9DC1 /* Solution_104.swift in Sources */ = {isa = PBXBuildFile; fileRef = A49B0BB828A5ECA0003F9DC1 /* Solution_104.swift */; };
		A49B0BBF28A5ECA0003F9DC1 /* Solution_102.swift in Sources */ = {isa = PBXBuildFile; fileRef = A49B0BB928A5ECA0003F9DC1 /* Solution_102.swift */; };
		A49B0BC028A5ECA0003F9DC1 /* Solution_144.swift in Sources */ = {isa = PBXBuildFile; fileRef = A49B0BBA28A5ECA0003F9DC1 /* Solution_144.swift */; };
		A49B0BC128A5ECA0003F9DC1 /* Solution_226.swift in Sources */ = {isa = PBXBuildFile; fileRef = A49B0BBB28A5ECA0003F9DC1 /* Solution_226.swift */; };
		A49B0BC228A5ECA0003F9DC1 /* Solution_257.swift in Sources */ = {isa = PBXBuildFile; fileRef = A49B0BBC28A5ECA0003F9DC1 /* Solution_257.swift */; };
		A49B6B0728C347F600537629 /* So32.swift in Sources */ = {isa = PBXBuildFile; fileRef = A49B6B0628C347F600537629 /* So32.swift */; };
		A4B1C25528C243C800609C47 /* So5.swift in Sources */ = {isa = PBXBuildFile; fileRef = A4B1C25428C243C800609C47 /* So5.swift */; };
		A4B1C25728C2447800609C47 /* So50.swift in Sources */ = {isa = PBXBuildFile; fileRef = A4B1C25628C2447800609C47 /* So50.swift */; };
		A4B1C25928C2465500609C47 /* So6.swift in Sources */ = {isa = PBXBuildFile; fileRef = A4B1C25828C2465500609C47 /* So6.swift */; };
		A4B1C25B28C2475900609C47 /* Sof23.swift in Sources */ = {isa = PBXBuildFile; fileRef = A4B1C25A28C2475900609C47 /* Sof23.swift */; };
		A4B1C25D28C2489800609C47 /* So25.swift in Sources */ = {isa = PBXBuildFile; fileRef = A4B1C25C28C2489800609C47 /* So25.swift */; };
		A4B1C25F28C249E000609C47 /* So24.swift in Sources */ = {isa = PBXBuildFile; fileRef = A4B1C25E28C249E000609C47 /* So24.swift */; };
		A4B1C26128C24AFE00609C47 /* So18.swift in Sources */ = {isa = PBXBuildFile; fileRef = A4B1C26028C24AFE00609C47 /* So18.swift */; };
		A4B1C26328C24D0500609C47 /* So22.swift in Sources */ = {isa = PBXBuildFile; fileRef = A4B1C26228C24D0500609C47 /* So22.swift */; };
		A4C242FA28C82EE100A56245 /* So21.swift in Sources */ = {isa = PBXBuildFile; fileRef = A4C242F928C82EE100A56245 /* So21.swift */; };
		A4C242FC28C832B800A56245 /* So3.swift in Sources */ = {isa = PBXBuildFile; fileRef = A4C242FB28C832B800A56245 /* So3.swift */; };
		A4C2430028C8433B00A56245 /* Solution_100.swift in Sources */ = {isa = PBXBuildFile; fileRef = A4C242FF28C8433B00A56245 /* Solution_100.swift */; };
		A4C2430228C84B9A00A56245 /* Solution_572.swift in Sources */ = {isa = PBXBuildFile; fileRef = A4C2430128C84B9A00A56245 /* Solution_572.swift */; };
		A4CEB4B828C4DA9D002037D5 /* Solution_70.swift in Sources */ = {isa = PBXBuildFile; fileRef = A4CEB4B728C4DA9D002037D5 /* Solution_70.swift */; };
		A4CEB4BA28C4E3B8002037D5 /* Solution_96.swift in Sources */ = {isa = PBXBuildFile; fileRef = A4CEB4B928C4E3B8002037D5 /* Solution_96.swift */; };
		A4EF35F628C72FBB006CFA25 /* Solution_98.swift in Sources */ = {isa = PBXBuildFile; fileRef = A4EF35F528C72FBB006CFA25 /* Solution_98.swift */; };
		A4EF35F828C744CE006CFA25 /* Solution_110.swift in Sources */ = {isa = PBXBuildFile; fileRef = A4EF35F728C744CE006CFA25 /* Solution_110.swift */; };
		A4EF35FA28C74997006CFA25 /* Sof27.swift in Sources */ = {isa = PBXBuildFile; fileRef = A4EF35F928C74997006CFA25 /* Sof27.swift */; };
		A4EF35FC28C749EA006CFA25 /* Solution_617.swift in Sources */ = {isa = PBXBuildFile; fileRef = A4EF35FB28C749EA006CFA25 /* Solution_617.swift */; };
		A4EF35FE28C74A22006CFA25 /* Solution_236.swift in Sources */ = {isa = PBXBuildFile; fileRef = A4EF35FD28C74A22006CFA25 /* Solution_236.swift */; };
		A4EF360028C74A70006CFA25 /* Solution_235.swift in Sources */ = {isa = PBXBuildFile; fileRef = A4EF35FF28C74A70006CFA25 /* Solution_235.swift */; };
		A4EF360228C74AD2006CFA25 /* Solution_101.swift in Sources */ = {isa = PBXBuildFile; fileRef = A4EF360128C74AD2006CFA25 /* Solution_101.swift */; };
		A4EF360628C74B34006CFA25 /* So27.swift in Sources */ = {isa = PBXBuildFile; fileRef = A4EF360528C74B34006CFA25 /* So27.swift */; };
		A4F7F83228CC5EDA00A7CE2A /* Solution_106.swift in Sources */ = {isa = PBXBuildFile; fileRef = A4F7F83128CC5EDA00A7CE2A /* Solution_106.swift */; };
/* End PBXBuildFile section */

/* Begin PBXFileReference section */
		A401D7F628C444C80085EBB5 /* Solution_145.swift */ = {isa = PBXFileReference; lastKnownFileType = sourcecode.swift; path = Solution_145.swift; sourceTree = "<group>"; };
		A41A4E5B28C0639A00B7AB96 /* So61.swift */ = {isa = PBXFileReference; lastKnownFileType = sourcecode.swift; path = So61.swift; sourceTree = "<group>"; };
		A41A4E5F28C06D4C00B7AB96 /* So9.swift */ = {isa = PBXFileReference; lastKnownFileType = sourcecode.swift; path = So9.swift; sourceTree = "<group>"; };
		A41A4E6228C06E2E00B7AB96 /* Sof72.swift */ = {isa = PBXFileReference; lastKnownFileType = sourcecode.swift; path = Sof72.swift; sourceTree = "<group>"; };
		A41A4E6528C072C200B7AB96 /* Solution_704.swift */ = {isa = PBXFileReference; lastKnownFileType = sourcecode.swift; path = Solution_704.swift; sourceTree = "<group>"; };
		A41DCF2E28B46A8D00FB6012 /* Solution_24.swift */ = {isa = PBXFileReference; lastKnownFileType = sourcecode.swift; path = Solution_24.swift; sourceTree = "<group>"; };
		A41DCF3028B46BF000FB6012 /* Solution_25.swift */ = {isa = PBXFileReference; lastKnownFileType = sourcecode.swift; path = Solution_25.swift; sourceTree = "<group>"; };
		A41DCF3228B7228E00FB6012 /* Solution_142.swift */ = {isa = PBXFileReference; lastKnownFileType = sourcecode.swift; path = Solution_142.swift; sourceTree = "<group>"; };
		A41DCF3428B863A800FB6012 /* Solution_234.swift */ = {isa = PBXFileReference; lastKnownFileType = sourcecode.swift; path = Solution_234.swift; sourceTree = "<group>"; };
		A41DCF3628B878A700FB6012 /* Solution_328.swift */ = {isa = PBXFileReference; lastKnownFileType = sourcecode.swift; path = Solution_328.swift; sourceTree = "<group>"; };
		A41DCF3828B9CCF500FB6012 /* Solution_19.swift */ = {isa = PBXFileReference; lastKnownFileType = sourcecode.swift; path = Solution_19.swift; sourceTree = "<group>"; };
		A41DCF3A28B9D48000FB6012 /* Solution_237.swift */ = {isa = PBXFileReference; lastKnownFileType = sourcecode.swift; path = Solution_237.swift; sourceTree = "<group>"; };
		A41DCF3C28BB23E900FB6012 /* Solution_61.swift */ = {isa = PBXFileReference; lastKnownFileType = sourcecode.swift; path = Solution_61.swift; sourceTree = "<group>"; };
		A41DCF3E28BC6E1B00FB6012 /* Solution_876.swift */ = {isa = PBXFileReference; lastKnownFileType = sourcecode.swift; path = Solution_876.swift; sourceTree = "<group>"; };
		A41DCF4028BDB28200FB6012 /* Solution_86.swift */ = {isa = PBXFileReference; lastKnownFileType = sourcecode.swift; path = Solution_86.swift; sourceTree = "<group>"; };
		A41DCF4228BDB49600FB6012 /* Solution_83.swift */ = {isa = PBXFileReference; lastKnownFileType = sourcecode.swift; path = Solution_83.swift; sourceTree = "<group>"; };
		A41DCF4428BDB64F00FB6012 /* Solution_82.swift */ = {isa = PBXFileReference; lastKnownFileType = sourcecode.swift; path = Solution_82.swift; sourceTree = "<group>"; };
		A41DCF4628BF021500FB6012 /* Solution_148.swift */ = {isa = PBXFileReference; lastKnownFileType = sourcecode.swift; path = Solution_148.swift; sourceTree = "<group>"; };
		A41DCF4828BF270400FB6012 /* Solution_Sort.swift */ = {isa = PBXFileReference; lastKnownFileType = sourcecode.swift; path = Solution_Sort.swift; sourceTree = "<group>"; };
		A41DCF4B28BF861400FB6012 /* Solution_offer50.swift */ = {isa = PBXFileReference; lastKnownFileType = sourcecode.swift; path = Solution_offer50.swift; sourceTree = "<group>"; };
		A43A115A28C894E20011A530 /* So48.swift */ = {isa = PBXFileReference; lastKnownFileType = sourcecode.swift; path = So48.swift; sourceTree = "<group>"; };
		A45DAE2F28D17D75001BAC30 /* Solution_47.swift */ = {isa = PBXFileReference; lastKnownFileType = sourcecode.swift; path = Solution_47.swift; sourceTree = "<group>"; };
		A45DAE3128D17E60001BAC30 /* Solution_78.swift */ = {isa = PBXFileReference; lastKnownFileType = sourcecode.swift; path = Solution_78.swift; sourceTree = "<group>"; };
		A45DAE3328D17EF4001BAC30 /* Solution_90.swift */ = {isa = PBXFileReference; lastKnownFileType = sourcecode.swift; path = Solution_90.swift; sourceTree = "<group>"; };
		A45DAE3528D1C5E7001BAC30 /* Solution_491.swift */ = {isa = PBXFileReference; lastKnownFileType = sourcecode.swift; path = Solution_491.swift; sourceTree = "<group>"; };
		A45DAE3828D1D8AE001BAC30 /* Solution_53_2.swift */ = {isa = PBXFileReference; lastKnownFileType = sourcecode.swift; path = Solution_53_2.swift; sourceTree = "<group>"; };
		A45DAE3A28D1E0E5001BAC30 /* Solution_55.swift */ = {isa = PBXFileReference; lastKnownFileType = sourcecode.swift; path = Solution_55.swift; sourceTree = "<group>"; };
		A45DAE3C28D22735001BAC30 /* Solution_322.swift */ = {isa = PBXFileReference; lastKnownFileType = sourcecode.swift; path = Solution_322.swift; sourceTree = "<group>"; };
		A45DAE4928D33D9B001BAC30 /* Solution_121.swift */ = {isa = PBXFileReference; lastKnownFileType = sourcecode.swift; path = Solution_121.swift; sourceTree = "<group>"; };
		A45DAE4B28D373BF001BAC30 /* Solution_122.swift */ = {isa = PBXFileReference; lastKnownFileType = sourcecode.swift; path = Solution_122.swift; sourceTree = "<group>"; };
		A45DAE4D28D4119C001BAC30 /* Solution_309.swift */ = {isa = PBXFileReference; lastKnownFileType = sourcecode.swift; path = Solution_309.swift; sourceTree = "<group>"; };
		A45DAE5028D43498001BAC30 /* Solution_416.swift */ = {isa = PBXFileReference; lastKnownFileType = sourcecode.swift; path = Solution_416.swift; sourceTree = "<group>"; };
		A45DAE5828D5750B001BAC30 /* Solution_560.swift */ = {isa = PBXFileReference; lastKnownFileType = sourcecode.swift; path = Solution_560.swift; sourceTree = "<group>"; };
		A45DAE5A28D57B18001BAC30 /* Solution_1.swift */ = {isa = PBXFileReference; lastKnownFileType = sourcecode.swift; path = Solution_1.swift; sourceTree = "<group>"; };
		A460BC2D28D02DF900B8DB24 /* Solution_77.swift */ = {isa = PBXFileReference; lastKnownFileType = sourcecode.swift; path = Solution_77.swift; sourceTree = "<group>"; };
		A460BC2F28D0695200B8DB24 /* Solution_17.swift */ = {isa = PBXFileReference; lastKnownFileType = sourcecode.swift; path = Solution_17.swift; sourceTree = "<group>"; };
		A460BC3128D06E8A00B8DB24 /* Solution_39.swift */ = {isa = PBXFileReference; lastKnownFileType = sourcecode.swift; path = Solution_39.swift; sourceTree = "<group>"; };
		A460BC3328D0788300B8DB24 /* Solution_40.swift */ = {isa = PBXFileReference; lastKnownFileType = sourcecode.swift; path = Solution_40.swift; sourceTree = "<group>"; };
		A460BC3528D078DB00B8DB24 /* Solution_216.swift */ = {isa = PBXFileReference; lastKnownFileType = sourcecode.swift; path = Solution_216.swift; sourceTree = "<group>"; };
		A460BC3728D0989800B8DB24 /* Solution_131.swift */ = {isa = PBXFileReference; lastKnownFileType = sourcecode.swift; path = Solution_131.swift; sourceTree = "<group>"; };
		A460BC3928D0DC7600B8DB24 /* Solution_46.swift */ = {isa = PBXFileReference; lastKnownFileType = sourcecode.swift; path = Solution_46.swift; sourceTree = "<group>"; };
		A475875128D76790007E683F /* 链表.swift */ = {isa = PBXFileReference; lastKnownFileType = sourcecode.swift; path = "链表.swift"; sourceTree = "<group>"; };
		A475875428D82FFA007E683F /* Solution_2095.swift */ = {isa = PBXFileReference; lastKnownFileType = sourcecode.swift; path = Solution_2095.swift; sourceTree = "<group>"; };
		A475875628D85F80007E683F /* Solution_92.swift */ = {isa = PBXFileReference; lastKnownFileType = sourcecode.swift; path = Solution_92.swift; sourceTree = "<group>"; };
		A475875828D89B16007E683F /* Solution_26.swift */ = {isa = PBXFileReference; lastKnownFileType = sourcecode.swift; path = Solution_26.swift; sourceTree = "<group>"; };
		A475875A28D8A0C2007E683F /* Solution_27.swift */ = {isa = PBXFileReference; lastKnownFileType = sourcecode.swift; path = Solution_27.swift; sourceTree = "<group>"; };
		A475875C28D8A526007E683F /* Solution_283.swift */ = {isa = PBXFileReference; lastKnownFileType = sourcecode.swift; path = Solution_283.swift; sourceTree = "<group>"; };
		A475875E28D8A802007E683F /* 数组.swift */ = {isa = PBXFileReference; lastKnownFileType = sourcecode.swift; path = "数组.swift"; sourceTree = "<group>"; };
		A475876028D8A997007E683F /* Solution_167.swift */ = {isa = PBXFileReference; lastKnownFileType = sourcecode.swift; path = Solution_167.swift; sourceTree = "<group>"; };
		A475876228D8AC67007E683F /* Solution_344.swift */ = {isa = PBXFileReference; lastKnownFileType = sourcecode.swift; path = Solution_344.swift; sourceTree = "<group>"; };
		A475876428D8AE8C007E683F /* Solution_5.swift */ = {isa = PBXFileReference; lastKnownFileType = sourcecode.swift; path = Solution_5.swift; sourceTree = "<group>"; };
		A475876628D95CC9007E683F /* Solution_34.swift */ = {isa = PBXFileReference; lastKnownFileType = sourcecode.swift; path = Solution_34.swift; sourceTree = "<group>"; };
		A475876A28D974FA007E683F /* Solution_875.swift */ = {isa = PBXFileReference; lastKnownFileType = sourcecode.swift; path = Solution_875.swift; sourceTree = "<group>"; };
		A475876C28D97EBA007E683F /* Solution_1011.swift */ = {isa = PBXFileReference; lastKnownFileType = sourcecode.swift; path = Solution_1011.swift; sourceTree = "<group>"; };
		A475876E28D9A6D5007E683F /* Solution_48.swift */ = {isa = PBXFileReference; lastKnownFileType = sourcecode.swift; path = Solution_48.swift; sourceTree = "<group>"; };
		A475877028D9AC82007E683F /* Solution_54.swift */ = {isa = PBXFileReference; lastKnownFileType = sourcecode.swift; path = Solution_54.swift; sourceTree = "<group>"; };
		A475877228D9BB0C007E683F /* Solution_303.swift */ = {isa = PBXFileReference; lastKnownFileType = sourcecode.swift; path = Solution_303.swift; sourceTree = "<group>"; };
		A475877628D9C11F007E683F /* Solution_523.swift */ = {isa = PBXFileReference; lastKnownFileType = sourcecode.swift; path = Solution_523.swift; sourceTree = "<group>"; };
		A475877828D9F220007E683F /* 滑动窗口.swift */ = {isa = PBXFileReference; lastKnownFileType = sourcecode.swift; path = "滑动窗口.swift"; sourceTree = "<group>"; };
		A475877A28D9F938007E683F /* Solution_76.swift */ = {isa = PBXFileReference; lastKnownFileType = sourcecode.swift; path = Solution_76.swift; sourceTree = "<group>"; };
		A475877C28DA0D9A007E683F /* Solution_567.swift */ = {isa = PBXFileReference; lastKnownFileType = sourcecode.swift; path = Solution_567.swift; sourceTree = "<group>"; };
		A475877E28DAA1CA007E683F /* Solution_438.swift */ = {isa = PBXFileReference; lastKnownFileType = sourcecode.swift; path = Solution_438.swift; sourceTree = "<group>"; };
		A475878028DAB939007E683F /* 二分搜索.swift */ = {isa = PBXFileReference; lastKnownFileType = sourcecode.swift; path = "二分搜索.swift"; sourceTree = "<group>"; };
		A475878528DAF60E007E683F /* 二叉树.swift */ = {isa = PBXFileReference; lastKnownFileType = sourcecode.swift; path = "二叉树.swift"; sourceTree = "<group>"; };
		A475878728DB03FA007E683F /* Solution_543.swift */ = {isa = PBXFileReference; lastKnownFileType = sourcecode.swift; path = Solution_543.swift; sourceTree = "<group>"; };
		A475878928DB1999007E683F /* Solution_116.swift */ = {isa = PBXFileReference; lastKnownFileType = sourcecode.swift; path = Solution_116.swift; sourceTree = "<group>"; };
		A475878B28DB19BA007E683F /* Solution_114.swift */ = {isa = PBXFileReference; lastKnownFileType = sourcecode.swift; path = Solution_114.swift; sourceTree = "<group>"; };
		A475878D28DB4298007E683F /* Solution_654.swift */ = {isa = PBXFileReference; lastKnownFileType = sourcecode.swift; path = Solution_654.swift; sourceTree = "<group>"; };
		A475879228DB451A007E683F /* So26.swift */ = {isa = PBXFileReference; lastKnownFileType = sourcecode.swift; path = So26.swift; sourceTree = "<group>"; };
		A49B0B8928A5EC7B003F9DC1 /* DayCode.app */ = {isa = PBXFileReference; explicitFileType = wrapper.application; includeInIndex = 0; path = DayCode.app; sourceTree = BUILT_PRODUCTS_DIR; };
		A49B0B8C28A5EC7B003F9DC1 /* AppDelegate.swift */ = {isa = PBXFileReference; lastKnownFileType = sourcecode.swift; path = AppDelegate.swift; sourceTree = "<group>"; };
		A49B0B8E28A5EC7B003F9DC1 /* SceneDelegate.swift */ = {isa = PBXFileReference; lastKnownFileType = sourcecode.swift; path = SceneDelegate.swift; sourceTree = "<group>"; };
		A49B0B9028A5EC7B003F9DC1 /* ViewController.swift */ = {isa = PBXFileReference; lastKnownFileType = sourcecode.swift; path = ViewController.swift; sourceTree = "<group>"; };
		A49B0B9328A5EC7B003F9DC1 /* Base */ = {isa = PBXFileReference; lastKnownFileType = file.storyboard; name = Base; path = Base.lproj/Main.storyboard; sourceTree = "<group>"; };
		A49B0B9528A5EC7D003F9DC1 /* Assets.xcassets */ = {isa = PBXFileReference; lastKnownFileType = folder.assetcatalog; path = Assets.xcassets; sourceTree = "<group>"; };
		A49B0B9828A5EC7D003F9DC1 /* Base */ = {isa = PBXFileReference; lastKnownFileType = file.storyboard; name = Base; path = Base.lproj/LaunchScreen.storyboard; sourceTree = "<group>"; };
		A49B0B9A28A5EC7D003F9DC1 /* Info.plist */ = {isa = PBXFileReference; lastKnownFileType = text.plist.xml; path = Info.plist; sourceTree = "<group>"; };
		A49B0BA128A5EC8B003F9DC1 /* Solution_49.swift */ = {isa = PBXFileReference; fileEncoding = 4; lastKnownFileType = sourcecode.swift; path = Solution_49.swift; sourceTree = "<group>"; };
		A49B0BA228A5EC8B003F9DC1 /* Solution_215.swift */ = {isa = PBXFileReference; fileEncoding = 4; lastKnownFileType = sourcecode.swift; path = Solution_215.swift; sourceTree = "<group>"; };
		A49B0BA628A5EC92003F9DC1 /* Solution_53.swift */ = {isa = PBXFileReference; fileEncoding = 4; lastKnownFileType = sourcecode.swift; path = Solution_53.swift; sourceTree = "<group>"; };
		A49B0BA928A5EC96003F9DC1 /* Solution_3.swift */ = {isa = PBXFileReference; fileEncoding = 4; lastKnownFileType = sourcecode.swift; path = Solution_3.swift; sourceTree = "<group>"; };
		A49B0BAC28A5EC9B003F9DC1 /* Solution_141.swift */ = {isa = PBXFileReference; fileEncoding = 4; lastKnownFileType = sourcecode.swift; path = Solution_141.swift; sourceTree = "<group>"; };
		A49B0BAD28A5EC9B003F9DC1 /* Solution_203.swift */ = {isa = PBXFileReference; fileEncoding = 4; lastKnownFileType = sourcecode.swift; path = Solution_203.swift; sourceTree = "<group>"; };
		A49B0BAE28A5EC9B003F9DC1 /* Solution_21.swift */ = {isa = PBXFileReference; fileEncoding = 4; lastKnownFileType = sourcecode.swift; path = Solution_21.swift; sourceTree = "<group>"; };
		A49B0BAF28A5EC9B003F9DC1 /* Solution_206.swift */ = {isa = PBXFileReference; fileEncoding = 4; lastKnownFileType = sourcecode.swift; path = Solution_206.swift; sourceTree = "<group>"; };
		A49B0BB028A5EC9B003F9DC1 /* Solution_160.swift */ = {isa = PBXFileReference; fileEncoding = 4; lastKnownFileType = sourcecode.swift; path = Solution_160.swift; sourceTree = "<group>"; };
		A49B0BB728A5ECA0003F9DC1 /* Solution_94.swift */ = {isa = PBXFileReference; fileEncoding = 4; lastKnownFileType = sourcecode.swift; path = Solution_94.swift; sourceTree = "<group>"; };
		A49B0BB828A5ECA0003F9DC1 /* Solution_104.swift */ = {isa = PBXFileReference; fileEncoding = 4; lastKnownFileType = sourcecode.swift; path = Solution_104.swift; sourceTree = "<group>"; };
		A49B0BB928A5ECA0003F9DC1 /* Solution_102.swift */ = {isa = PBXFileReference; fileEncoding = 4; lastKnownFileType = sourcecode.swift; path = Solution_102.swift; sourceTree = "<group>"; };
		A49B0BBA28A5ECA0003F9DC1 /* Solution_144.swift */ = {isa = PBXFileReference; fileEncoding = 4; lastKnownFileType = sourcecode.swift; path = Solution_144.swift; sourceTree = "<group>"; };
		A49B0BBB28A5ECA0003F9DC1 /* Solution_226.swift */ = {isa = PBXFileReference; fileEncoding = 4; lastKnownFileType = sourcecode.swift; path = Solution_226.swift; sourceTree = "<group>"; };
		A49B0BBC28A5ECA0003F9DC1 /* Solution_257.swift */ = {isa = PBXFileReference; fileEncoding = 4; lastKnownFileType = sourcecode.swift; path = Solution_257.swift; sourceTree = "<group>"; };
		A49B6B0628C347F600537629 /* So32.swift */ = {isa = PBXFileReference; lastKnownFileType = sourcecode.swift; path = So32.swift; sourceTree = "<group>"; };
		A4B1C25428C243C800609C47 /* So5.swift */ = {isa = PBXFileReference; lastKnownFileType = sourcecode.swift; path = So5.swift; sourceTree = "<group>"; };
		A4B1C25628C2447800609C47 /* So50.swift */ = {isa = PBXFileReference; lastKnownFileType = sourcecode.swift; path = So50.swift; sourceTree = "<group>"; };
		A4B1C25828C2465500609C47 /* So6.swift */ = {isa = PBXFileReference; lastKnownFileType = sourcecode.swift; path = So6.swift; sourceTree = "<group>"; };
		A4B1C25A28C2475900609C47 /* Sof23.swift */ = {isa = PBXFileReference; lastKnownFileType = sourcecode.swift; path = Sof23.swift; sourceTree = "<group>"; };
		A4B1C25C28C2489800609C47 /* So25.swift */ = {isa = PBXFileReference; lastKnownFileType = sourcecode.swift; path = So25.swift; sourceTree = "<group>"; };
		A4B1C25E28C249E000609C47 /* So24.swift */ = {isa = PBXFileReference; lastKnownFileType = sourcecode.swift; path = So24.swift; sourceTree = "<group>"; };
		A4B1C26028C24AFE00609C47 /* So18.swift */ = {isa = PBXFileReference; lastKnownFileType = sourcecode.swift; path = So18.swift; sourceTree = "<group>"; };
		A4B1C26228C24D0500609C47 /* So22.swift */ = {isa = PBXFileReference; lastKnownFileType = sourcecode.swift; path = So22.swift; sourceTree = "<group>"; };
		A4C242F928C82EE100A56245 /* So21.swift */ = {isa = PBXFileReference; lastKnownFileType = sourcecode.swift; path = So21.swift; sourceTree = "<group>"; };
		A4C242FB28C832B800A56245 /* So3.swift */ = {isa = PBXFileReference; lastKnownFileType = sourcecode.swift; path = So3.swift; sourceTree = "<group>"; };
		A4C242FF28C8433B00A56245 /* Solution_100.swift */ = {isa = PBXFileReference; lastKnownFileType = sourcecode.swift; path = Solution_100.swift; sourceTree = "<group>"; };
		A4C2430128C84B9A00A56245 /* Solution_572.swift */ = {isa = PBXFileReference; lastKnownFileType = sourcecode.swift; path = Solution_572.swift; sourceTree = "<group>"; };
		A4CEB4B728C4DA9D002037D5 /* Solution_70.swift */ = {isa = PBXFileReference; lastKnownFileType = sourcecode.swift; path = Solution_70.swift; sourceTree = "<group>"; };
		A4CEB4B928C4E3B8002037D5 /* Solution_96.swift */ = {isa = PBXFileReference; lastKnownFileType = sourcecode.swift; path = Solution_96.swift; sourceTree = "<group>"; };
		A4EF35F528C72FBB006CFA25 /* Solution_98.swift */ = {isa = PBXFileReference; lastKnownFileType = sourcecode.swift; path = Solution_98.swift; sourceTree = "<group>"; };
		A4EF35F728C744CE006CFA25 /* Solution_110.swift */ = {isa = PBXFileReference; lastKnownFileType = sourcecode.swift; path = Solution_110.swift; sourceTree = "<group>"; };
		A4EF35F928C74997006CFA25 /* Sof27.swift */ = {isa = PBXFileReference; lastKnownFileType = sourcecode.swift; path = Sof27.swift; sourceTree = "<group>"; };
		A4EF35FB28C749EA006CFA25 /* Solution_617.swift */ = {isa = PBXFileReference; lastKnownFileType = sourcecode.swift; path = Solution_617.swift; sourceTree = "<group>"; };
		A4EF35FD28C74A22006CFA25 /* Solution_236.swift */ = {isa = PBXFileReference; lastKnownFileType = sourcecode.swift; path = Solution_236.swift; sourceTree = "<group>"; };
		A4EF35FF28C74A70006CFA25 /* Solution_235.swift */ = {isa = PBXFileReference; lastKnownFileType = sourcecode.swift; path = Solution_235.swift; sourceTree = "<group>"; };
		A4EF360128C74AD2006CFA25 /* Solution_101.swift */ = {isa = PBXFileReference; lastKnownFileType = sourcecode.swift; path = Solution_101.swift; sourceTree = "<group>"; };
		A4EF360528C74B34006CFA25 /* So27.swift */ = {isa = PBXFileReference; lastKnownFileType = sourcecode.swift; path = So27.swift; sourceTree = "<group>"; };
		A4F7F83128CC5EDA00A7CE2A /* Solution_106.swift */ = {isa = PBXFileReference; lastKnownFileType = sourcecode.swift; path = Solution_106.swift; sourceTree = "<group>"; };
/* End PBXFileReference section */

/* Begin PBXFrameworksBuildPhase section */
		A49B0B8628A5EC7B003F9DC1 /* Frameworks */ = {
			isa = PBXFrameworksBuildPhase;
			buildActionMask = 2147483647;
			files = (
			);
			runOnlyForDeploymentPostprocessing = 0;
		};
/* End PBXFrameworksBuildPhase section */

/* Begin PBXGroup section */
		A41A4E5A28C0637900B7AB96 /* 剑指Offer */ = {
			isa = PBXGroup;
			children = (
				A41A4E5B28C0639A00B7AB96 /* So61.swift */,
				A41A4E5F28C06D4C00B7AB96 /* So9.swift */,
				A4B1C25428C243C800609C47 /* So5.swift */,
				A4B1C25628C2447800609C47 /* So50.swift */,
				A4B1C25828C2465500609C47 /* So6.swift */,
				A4B1C25C28C2489800609C47 /* So25.swift */,
				A4B1C25E28C249E000609C47 /* So24.swift */,
				A4B1C26028C24AFE00609C47 /* So18.swift */,
				A4B1C26228C24D0500609C47 /* So22.swift */,
				A49B6B0628C347F600537629 /* So32.swift */,
				A4EF360528C74B34006CFA25 /* So27.swift */,
				A4C242F928C82EE100A56245 /* So21.swift */,
				A4C242FB28C832B800A56245 /* So3.swift */,
				A43A115A28C894E20011A530 /* So48.swift */,
			);
			path = "剑指Offer";
			sourceTree = "<group>";
		};
		A41A4E6128C06DE900B7AB96 /* 剑指Offer II */ = {
			isa = PBXGroup;
			children = (
				A41A4E6228C06E2E00B7AB96 /* Sof72.swift */,
				A4B1C25A28C2475900609C47 /* Sof23.swift */,
				A4EF35F928C74997006CFA25 /* Sof27.swift */,
			);
			path = "剑指Offer II";
			sourceTree = "<group>";
		};
		A41A4E6428C06F2F00B7AB96 /* 二分查找 */ = {
			isa = PBXGroup;
			children = (
				A475878028DAB939007E683F /* 二分搜索.swift */,
				A41A4E6528C072C200B7AB96 /* Solution_704.swift */,
				A475876628D95CC9007E683F /* Solution_34.swift */,
				A475876A28D974FA007E683F /* Solution_875.swift */,
				A475876C28D97EBA007E683F /* Solution_1011.swift */,
			);
			path = "二分查找";
			sourceTree = "<group>";
		};
		A41DCF4A28BF85F900FB6012 /* 哈希 */ = {
			isa = PBXGroup;
			children = (
				A41DCF4B28BF861400FB6012 /* Solution_offer50.swift */,
			);
			path = "哈希";
			sourceTree = "<group>";
		};
		A45DAE3728D1D890001BAC30 /* 贪心 */ = {
			isa = PBXGroup;
			children = (
				A45DAE3828D1D8AE001BAC30 /* Solution_53_2.swift */,
				A45DAE3A28D1E0E5001BAC30 /* Solution_55.swift */,
			);
			path = "贪心";
			sourceTree = "<group>";
		};
		A45DAE4F28D43486001BAC30 /* 背包 */ = {
			isa = PBXGroup;
			children = (
				A45DAE5028D43498001BAC30 /* Solution_416.swift */,
			);
			path = "背包";
			sourceTree = "<group>";
		};
		A45DAE5728D574E6001BAC30 /* 前缀和 */ = {
			isa = PBXGroup;
			children = (
				A45DAE5A28D57B18001BAC30 /* Solution_1.swift */,
				A475877228D9BB0C007E683F /* Solution_303.swift */,
				A45DAE5828D5750B001BAC30 /* Solution_560.swift */,
				A475877628D9C11F007E683F /* Solution_523.swift */,
			);
			path = "前缀和";
			sourceTree = "<group>";
		};
		A460BC2C28D02DE500B8DB24 /* 回溯 */ = {
			isa = PBXGroup;
			children = (
				A460BC3928D0DC7600B8DB24 /* Solution_46.swift */,
				A460BC2D28D02DF900B8DB24 /* Solution_77.swift */,
				A45DAE3128D17E60001BAC30 /* Solution_78.swift */,
				A45DAE2F28D17D75001BAC30 /* Solution_47.swift */,
				A45DAE3328D17EF4001BAC30 /* Solution_90.swift */,
				A460BC3328D0788300B8DB24 /* Solution_40.swift */,
				A460BC3128D06E8A00B8DB24 /* Solution_39.swift */,
				A460BC3528D078DB00B8DB24 /* Solution_216.swift */,
				A460BC2F28D0695200B8DB24 /* Solution_17.swift */,
				A460BC3728D0989800B8DB24 /* Solution_131.swift */,
				A45DAE3528D1C5E7001BAC30 /* Solution_491.swift */,
			);
			path = "回溯";
			sourceTree = "<group>";
		};
		A475875328D82EFF007E683F /* 必会 */ = {
			isa = PBXGroup;
			children = (
				A475875128D76790007E683F /* 链表.swift */,
				A49B0BAF28A5EC9B003F9DC1 /* Solution_206.swift */,
				A475875628D85F80007E683F /* Solution_92.swift */,
				A49B0BAE28A5EC9B003F9DC1 /* Solution_21.swift */,
				A41DCF4028BDB28200FB6012 /* Solution_86.swift */,
				A41DCF3628B878A700FB6012 /* Solution_328.swift */,
				A41DCF3828B9CCF500FB6012 /* Solution_19.swift */,
				A41DCF4228BDB49600FB6012 /* Solution_83.swift */,
				A41DCF2E28B46A8D00FB6012 /* Solution_24.swift */,
				A41DCF3E28BC6E1B00FB6012 /* Solution_876.swift */,
				A475875428D82FFA007E683F /* Solution_2095.swift */,
				A49B0BAC28A5EC9B003F9DC1 /* Solution_141.swift */,
				A41DCF3228B7228E00FB6012 /* Solution_142.swift */,
				A49B0BB028A5EC9B003F9DC1 /* Solution_160.swift */,
				A41DCF3428B863A800FB6012 /* Solution_234.swift */,
			);
			path = "必会";
			sourceTree = "<group>";
		};
		A475878228DABAD2007E683F /* 数组排序 */ = {
			isa = PBXGroup;
			children = (
				A41DCF4828BF270400FB6012 /* Solution_Sort.swift */,
			);
			path = "数组排序";
			sourceTree = "<group>";
		};
		A475878428DABC18007E683F /* 二维数组 */ = {
			isa = PBXGroup;
			children = (
				A475877028D9AC82007E683F /* Solution_54.swift */,
				A475876E28D9A6D5007E683F /* Solution_48.swift */,
			);
			path = "二维数组";
			sourceTree = "<group>";
		};
		A475878F28DB42A5007E683F /* 构造 */ = {
			isa = PBXGroup;
			children = (
				A475878D28DB4298007E683F /* Solution_654.swift */,
			);
			path = "构造";
			sourceTree = "<group>";
		};
		A475879028DB42C5007E683F /* 纲领 */ = {
			isa = PBXGroup;
			children = (
				A49B0BB828A5ECA0003F9DC1 /* Solution_104.swift */,
				A49B0BBA28A5ECA0003F9DC1 /* Solution_144.swift */,
				A475878728DB03FA007E683F /* Solution_543.swift */,
			);
			path = "纲领";
			sourceTree = "<group>";
		};
		A475879128DB430C007E683F /* 思路 */ = {
			isa = PBXGroup;
			children = (
				A475878B28DB19BA007E683F /* Solution_114.swift */,
				A475878928DB1999007E683F /* Solution_116.swift */,
				A49B0BBB28A5ECA0003F9DC1 /* Solution_226.swift */,
				A475879228DB451A007E683F /* So26.swift */,
			);
			path = "思路";
			sourceTree = "<group>";
		};
		A49B0B8028A5EC7B003F9DC1 = {
			isa = PBXGroup;
			children = (
				A49B0B8B28A5EC7B003F9DC1 /* DayCode */,
				A49B0B8A28A5EC7B003F9DC1 /* Products */,
			);
			sourceTree = "<group>";
		};
		A49B0B8A28A5EC7B003F9DC1 /* Products */ = {
			isa = PBXGroup;
			children = (
				A49B0B8928A5EC7B003F9DC1 /* DayCode.app */,
			);
			name = Products;
			sourceTree = "<group>";
		};
		A49B0B8B28A5EC7B003F9DC1 /* DayCode */ = {
			isa = PBXGroup;
			children = (
				A475878228DABAD2007E683F /* 数组排序 */,
				A41A4E6128C06DE900B7AB96 /* 剑指Offer II */,
				A41A4E5A28C0637900B7AB96 /* 剑指Offer */,
				A49B0BAB28A5EC9B003F9DC1 /* 链表 */,
				A49B0BA028A5EC8B003F9DC1 /* 数组 */,
				A45DAE5728D574E6001BAC30 /* 前缀和 */,
				A41A4E6428C06F2F00B7AB96 /* 二分查找 */,
				A49B0BA828A5EC96003F9DC1 /* 滚动窗口 */,
				A49B0BB628A5ECA0003F9DC1 /* 二叉树 */,
				A41DCF4A28BF85F900FB6012 /* 哈希 */,
				A460BC2C28D02DE500B8DB24 /* 回溯 */,
				A45DAE3728D1D890001BAC30 /* 贪心 */,
				A49B0BA528A5EC92003F9DC1 /* 动态规划 */,
				A45DAE4F28D43486001BAC30 /* 背包 */,
				A49B0B8C28A5EC7B003F9DC1 /* AppDelegate.swift */,
				A49B0B8E28A5EC7B003F9DC1 /* SceneDelegate.swift */,
				A49B0B9028A5EC7B003F9DC1 /* ViewController.swift */,
				A49B0B9228A5EC7B003F9DC1 /* Main.storyboard */,
				A49B0B9528A5EC7D003F9DC1 /* Assets.xcassets */,
				A49B0B9728A5EC7D003F9DC1 /* LaunchScreen.storyboard */,
				A49B0B9A28A5EC7D003F9DC1 /* Info.plist */,
			);
			path = DayCode;
			sourceTree = "<group>";
		};
		A49B0BA028A5EC8B003F9DC1 /* 数组 */ = {
			isa = PBXGroup;
			children = (
				A475878428DABC18007E683F /* 二维数组 */,
				A475875E28D8A802007E683F /* 数组.swift */,
				A475875828D89B16007E683F /* Solution_26.swift */,
				A475875A28D8A0C2007E683F /* Solution_27.swift */,
				A475875C28D8A526007E683F /* Solution_283.swift */,
				A475876028D8A997007E683F /* Solution_167.swift */,
				A475876228D8AC67007E683F /* Solution_344.swift */,
				A475876428D8AE8C007E683F /* Solution_5.swift */,
				A49B0BA228A5EC8B003F9DC1 /* Solution_215.swift */,
				A49B0BA128A5EC8B003F9DC1 /* Solution_49.swift */,
			);
			path = "数组";
			sourceTree = "<group>";
		};
		A49B0BA528A5EC92003F9DC1 /* 动态规划 */ = {
			isa = PBXGroup;
			children = (
				A4CEB4B728C4DA9D002037D5 /* Solution_70.swift */,
				A49B0BA628A5EC92003F9DC1 /* Solution_53.swift */,
				A45DAE3C28D22735001BAC30 /* Solution_322.swift */,
				A45DAE4928D33D9B001BAC30 /* Solution_121.swift */,
				A45DAE4B28D373BF001BAC30 /* Solution_122.swift */,
				A45DAE4D28D4119C001BAC30 /* Solution_309.swift */,
			);
			path = "动态规划";
			sourceTree = "<group>";
		};
		A49B0BA828A5EC96003F9DC1 /* 滚动窗口 */ = {
			isa = PBXGroup;
			children = (
				A475877828D9F220007E683F /* 滑动窗口.swift */,
				A475877A28D9F938007E683F /* Solution_76.swift */,
				A475877C28DA0D9A007E683F /* Solution_567.swift */,
				A475877E28DAA1CA007E683F /* Solution_438.swift */,
				A49B0BA928A5EC96003F9DC1 /* Solution_3.swift */,
			);
			path = "滚动窗口";
			sourceTree = "<group>";
		};
		A49B0BAB28A5EC9B003F9DC1 /* 链表 */ = {
			isa = PBXGroup;
			children = (
				A475875328D82EFF007E683F /* 必会 */,
				A41DCF3028B46BF000FB6012 /* Solution_25.swift */,
				A41DCF3C28BB23E900FB6012 /* Solution_61.swift */,
				A41DCF4428BDB64F00FB6012 /* Solution_82.swift */,
				A41DCF4628BF021500FB6012 /* Solution_148.swift */,
				A49B0BAD28A5EC9B003F9DC1 /* Solution_203.swift */,
				A41DCF3A28B9D48000FB6012 /* Solution_237.swift */,
			);
			path = "链表";
			sourceTree = "<group>";
		};
		A49B0BB628A5ECA0003F9DC1 /* 二叉树 */ = {
			isa = PBXGroup;
			children = (
				A475879028DB42C5007E683F /* 纲领 */,
				A475879128DB430C007E683F /* 思路 */,
				A475878F28DB42A5007E683F /* 构造 */,
				A475878528DAF60E007E683F /* 二叉树.swift */,
				A49B0BB728A5ECA0003F9DC1 /* Solution_94.swift */,
				A49B0BB928A5ECA0003F9DC1 /* Solution_102.swift */,
				A4CEB4B928C4E3B8002037D5 /* Solution_96.swift */,
				A4EF35F528C72FBB006CFA25 /* Solution_98.swift */,
				A4C242FF28C8433B00A56245 /* Solution_100.swift */,
				A4EF360128C74AD2006CFA25 /* Solution_101.swift */,
				A4EF35F728C744CE006CFA25 /* Solution_110.swift */,
				A401D7F628C444C80085EBB5 /* Solution_145.swift */,
				A4EF35FF28C74A70006CFA25 /* Solution_235.swift */,
				A4EF35FD28C74A22006CFA25 /* Solution_236.swift */,
				A49B0BBC28A5ECA0003F9DC1 /* Solution_257.swift */,
				A4C2430128C84B9A00A56245 /* Solution_572.swift */,
				A4EF35FB28C749EA006CFA25 /* Solution_617.swift */,
				A4F7F83128CC5EDA00A7CE2A /* Solution_106.swift */,
			);
			path = "二叉树";
			sourceTree = "<group>";
		};
/* End PBXGroup section */

/* Begin PBXNativeTarget section */
		A49B0B8828A5EC7B003F9DC1 /* DayCode */ = {
			isa = PBXNativeTarget;
			buildConfigurationList = A49B0B9D28A5EC7D003F9DC1 /* Build configuration list for PBXNativeTarget "DayCode" */;
			buildPhases = (
				A49B0B8528A5EC7B003F9DC1 /* Sources */,
				A49B0B8628A5EC7B003F9DC1 /* Frameworks */,
				A49B0B8728A5EC7B003F9DC1 /* Resources */,
			);
			buildRules = (
			);
			dependencies = (
			);
			name = DayCode;
			productName = DayCode;
			productReference = A49B0B8928A5EC7B003F9DC1 /* DayCode.app */;
			productType = "com.apple.product-type.application";
		};
/* End PBXNativeTarget section */

/* Begin PBXProject section */
		A49B0B8128A5EC7B003F9DC1 /* Project object */ = {
			isa = PBXProject;
			attributes = {
				BuildIndependentTargetsInParallel = 1;
				LastSwiftUpdateCheck = 1340;
				LastUpgradeCheck = 1340;
				TargetAttributes = {
					A49B0B8828A5EC7B003F9DC1 = {
						CreatedOnToolsVersion = 13.4.1;
					};
				};
			};
			buildConfigurationList = A49B0B8428A5EC7B003F9DC1 /* Build configuration list for PBXProject "DayCode" */;
			compatibilityVersion = "Xcode 13.0";
			developmentRegion = en;
			hasScannedForEncodings = 0;
			knownRegions = (
				en,
				Base,
			);
			mainGroup = A49B0B8028A5EC7B003F9DC1;
			productRefGroup = A49B0B8A28A5EC7B003F9DC1 /* Products */;
			projectDirPath = "";
			projectRoot = "";
			targets = (
				A49B0B8828A5EC7B003F9DC1 /* DayCode */,
			);
		};
/* End PBXProject section */

/* Begin PBXResourcesBuildPhase section */
		A49B0B8728A5EC7B003F9DC1 /* Resources */ = {
			isa = PBXResourcesBuildPhase;
			buildActionMask = 2147483647;
			files = (
				A49B0B9928A5EC7D003F9DC1 /* LaunchScreen.storyboard in Resources */,
				A49B0B9628A5EC7D003F9DC1 /* Assets.xcassets in Resources */,
				A49B0B9428A5EC7B003F9DC1 /* Main.storyboard in Resources */,
			);
			runOnlyForDeploymentPostprocessing = 0;
		};
/* End PBXResourcesBuildPhase section */

/* Begin PBXSourcesBuildPhase section */
		A49B0B8528A5EC7B003F9DC1 /* Sources */ = {
			isa = PBXSourcesBuildPhase;
			buildActionMask = 2147483647;
			files = (
				A475878628DAF60E007E683F /* 二叉树.swift in Sources */,
				A4F7F83228CC5EDA00A7CE2A /* Solution_106.swift in Sources */,
				A41A4E6028C06D4C00B7AB96 /* So9.swift in Sources */,
				A49B0BB428A5EC9B003F9DC1 /* Solution_206.swift in Sources */,
				A49B0BBD28A5ECA0003F9DC1 /* Solution_94.swift in Sources */,
				A460BC3428D0788300B8DB24 /* Solution_40.swift in Sources */,
				A4CEB4BA28C4E3B8002037D5 /* Solution_96.swift in Sources */,
				A4B1C25728C2447800609C47 /* So50.swift in Sources */,
				A41A4E6328C06E2E00B7AB96 /* Sof72.swift in Sources */,
				A45DAE5128D43498001BAC30 /* Solution_416.swift in Sources */,
				A41DCF3928B9CCF500FB6012 /* Solution_19.swift in Sources */,
				A475877928D9F220007E683F /* 滑动窗口.swift in Sources */,
				A4B1C25D28C2489800609C47 /* So25.swift in Sources */,
				A475878E28DB4298007E683F /* Solution_654.swift in Sources */,
				A4EF360028C74A70006CFA25 /* Solution_235.swift in Sources */,
				A41DCF3B28B9D48000FB6012 /* Solution_237.swift in Sources */,
				A45DAE3928D1D8AE001BAC30 /* Solution_53_2.swift in Sources */,
				A41DCF2F28B46A8D00FB6012 /* Solution_24.swift in Sources */,
				A45DAE4C28D373BF001BAC30 /* Solution_122.swift in Sources */,
				A41DCF3D28BB23E900FB6012 /* Solution_61.swift in Sources */,
				A49B0BC028A5ECA0003F9DC1 /* Solution_144.swift in Sources */,
				A475875D28D8A526007E683F /* Solution_283.swift in Sources */,
				A49B0BC228A5ECA0003F9DC1 /* Solution_257.swift in Sources */,
				A4B1C26328C24D0500609C47 /* So22.swift in Sources */,
				A49B0BA728A5EC92003F9DC1 /* Solution_53.swift in Sources */,
				A460BC2E28D02DF900B8DB24 /* Solution_77.swift in Sources */,
				A45DAE3D28D22735001BAC30 /* Solution_322.swift in Sources */,
				A475876128D8A997007E683F /* Solution_167.swift in Sources */,
				A4C2430028C8433B00A56245 /* Solution_100.swift in Sources */,
				A41DCF3528B863A800FB6012 /* Solution_234.swift in Sources */,
				A475877328D9BB0C007E683F /* Solution_303.swift in Sources */,
				A45DAE5928D5750B001BAC30 /* Solution_560.swift in Sources */,
				A41A4E5C28C0639A00B7AB96 /* So61.swift in Sources */,
				A49B0BB328A5EC9B003F9DC1 /* Solution_21.swift in Sources */,
				A4EF360228C74AD2006CFA25 /* Solution_101.swift in Sources */,
				A4EF35FE28C74A22006CFA25 /* Solution_236.swift in Sources */,
				A45DAE4E28D4119C001BAC30 /* Solution_309.swift in Sources */,
				A4EF35F828C744CE006CFA25 /* Solution_110.swift in Sources */,
				A41DCF4728BF021500FB6012 /* Solution_148.swift in Sources */,
				A41DCF3F28BC6E1B00FB6012 /* Solution_876.swift in Sources */,
				A41DCF3128B46BF000FB6012 /* Solution_25.swift in Sources */,
				A41DCF3328B7228E00FB6012 /* Solution_142.swift in Sources */,
				A401D7F728C444C80085EBB5 /* Solution_145.swift in Sources */,
				A4EF360628C74B34006CFA25 /* So27.swift in Sources */,
				A460BC3A28D0DC7600B8DB24 /* Solution_46.swift in Sources */,
				A43A115B28C894E20011A530 /* So48.swift in Sources */,
				A4B1C26128C24AFE00609C47 /* So18.swift in Sources */,
				A460BC3228D06E8A00B8DB24 /* Solution_39.swift in Sources */,
				A49B0BB228A5EC9B003F9DC1 /* Solution_203.swift in Sources */,
				A475877F28DAA1CA007E683F /* Solution_438.swift in Sources */,
				A4B1C25928C2465500609C47 /* So6.swift in Sources */,
				A475878A28DB1999007E683F /* Solution_116.swift in Sources */,
				A460BC3828D0989800B8DB24 /* Solution_131.swift in Sources */,
				A475876D28D97EBA007E683F /* Solution_1011.swift in Sources */,
				A460BC3028D0695200B8DB24 /* Solution_17.swift in Sources */,
				A475878C28DB19BA007E683F /* Solution_114.swift in Sources */,
				A4C242FC28C832B800A56245 /* So3.swift in Sources */,
				A475876528D8AE8C007E683F /* Solution_5.swift in Sources */,
				A475876728D95CC9007E683F /* Solution_34.swift in Sources */,
				A49B0B9128A5EC7B003F9DC1 /* ViewController.swift in Sources */,
				A4C2430228C84B9A00A56245 /* Solution_572.swift in Sources */,
				A41DCF4328BDB49600FB6012 /* Solution_83.swift in Sources */,
				A45DAE3428D17EF4001BAC30 /* Solution_90.swift in Sources */,
				A41DCF4928BF270400FB6012 /* Solution_Sort.swift in Sources */,
				A475875528D82FFA007E683F /* Solution_2095.swift in Sources */,
				A45DAE3B28D1E0E5001BAC30 /* Solution_55.swift in Sources */,
				A49B0BBE28A5ECA0003F9DC1 /* Solution_104.swift in Sources */,
				A49B0BBF28A5ECA0003F9DC1 /* Solution_102.swift in Sources */,
				A41A4E6628C072C200B7AB96 /* Solution_704.swift in Sources */,
				A49B6B0728C347F600537629 /* So32.swift in Sources */,
				A41DCF4128BDB28200FB6012 /* Solution_86.swift in Sources */,
				A475875928D89B16007E683F /* Solution_26.swift in Sources */,
				A475877128D9AC82007E683F /* Solution_54.swift in Sources */,
				A49B0BA428A5EC8B003F9DC1 /* Solution_215.swift in Sources */,
				A460BC3628D078DB00B8DB24 /* Solution_216.swift in Sources */,
				A4C242FA28C82EE100A56245 /* So21.swift in Sources */,
				A49B0BA328A5EC8B003F9DC1 /* Solution_49.swift in Sources */,
				A45DAE3628D1C5E7001BAC30 /* Solution_491.swift in Sources */,
				A475878328DABB27007E683F /* 链表.swift in Sources */,
				A475878828DB03FA007E683F /* Solution_543.swift in Sources */,
				A475876328D8AC67007E683F /* Solution_344.swift in Sources */,
				A475877D28DA0D9A007E683F /* Solution_567.swift in Sources */,
				A49B0BC128A5ECA0003F9DC1 /* Solution_226.swift in Sources */,
				A4B1C25B28C2475900609C47 /* Sof23.swift in Sources */,
				A49B0BAA28A5EC96003F9DC1 /* Solution_3.swift in Sources */,
				A41DCF4528BDB64F00FB6012 /* Solution_82.swift in Sources */,
				A475875728D85F80007E683F /* Solution_92.swift in Sources */,
				A45DAE4A28D33D9B001BAC30 /* Solution_121.swift in Sources */,
				A475876B28D974FA007E683F /* Solution_875.swift in Sources */,
				A45DAE3028D17D75001BAC30 /* Solution_47.swift in Sources */,
				A475875B28D8A0C2007E683F /* Solution_27.swift in Sources */,
				A475877B28D9F938007E683F /* Solution_76.swift in Sources */,
				A49B0BB528A5EC9B003F9DC1 /* Solution_160.swift in Sources */,
				A45DAE3228D17E60001BAC30 /* Solution_78.swift in Sources */,
				A41DCF4C28BF861400FB6012 /* Solution_offer50.swift in Sources */,
				A475879328DB451A007E683F /* So26.swift in Sources */,
				A4EF35FA28C74997006CFA25 /* Sof27.swift in Sources */,
				A4B1C25F28C249E000609C47 /* So24.swift in Sources */,
				A4B1C25528C243C800609C47 /* So5.swift in Sources */,
				A475876F28D9A6D5007E683F /* Solution_48.swift in Sources */,
				A475877728D9C11F007E683F /* Solution_523.swift in Sources */,
				A475878128DAB939007E683F /* 二分搜索.swift in Sources */,
				A49B0B8D28A5EC7B003F9DC1 /* AppDelegate.swift in Sources */,
				A4EF35F628C72FBB006CFA25 /* Solution_98.swift in Sources */,
				A475875F28D8A802007E683F /* 数组.swift in Sources */,
				A4EF35FC28C749EA006CFA25 /* Solution_617.swift in Sources */,
				A49B0B8F28A5EC7B003F9DC1 /* SceneDelegate.swift in Sources */,
				A45DAE5B28D57B18001BAC30 /* Solution_1.swift in Sources */,
				A41DCF3728B878A700FB6012 /* Solution_328.swift in Sources */,
				A49B0BB128A5EC9B003F9DC1 /* Solution_141.swift in Sources */,
				A4CEB4B828C4DA9D002037D5 /* Solution_70.swift in Sources */,
			);
			runOnlyForDeploymentPostprocessing = 0;
		};
/* End PBXSourcesBuildPhase section */

/* Begin PBXVariantGroup section */
		A49B0B9228A5EC7B003F9DC1 /* Main.storyboard */ = {
			isa = PBXVariantGroup;
			children = (
				A49B0B9328A5EC7B003F9DC1 /* Base */,
			);
			name = Main.storyboard;
			sourceTree = "<group>";
		};
		A49B0B9728A5EC7D003F9DC1 /* LaunchScreen.storyboard */ = {
			isa = PBXVariantGroup;
			children = (
				A49B0B9828A5EC7D003F9DC1 /* Base */,
			);
			name = LaunchScreen.storyboard;
			sourceTree = "<group>";
		};
/* End PBXVariantGroup section */

/* Begin XCBuildConfiguration section */
		A49B0B9B28A5EC7D003F9DC1 /* Debug */ = {
			isa = XCBuildConfiguration;
			buildSettings = {
				ALWAYS_SEARCH_USER_PATHS = NO;
				CLANG_ANALYZER_NONNULL = YES;
				CLANG_ANALYZER_NUMBER_OBJECT_CONVERSION = YES_AGGRESSIVE;
				CLANG_CXX_LANGUAGE_STANDARD = "gnu++17";
				CLANG_ENABLE_MODULES = YES;
				CLANG_ENABLE_OBJC_ARC = YES;
				CLANG_ENABLE_OBJC_WEAK = YES;
				CLANG_WARN_BLOCK_CAPTURE_AUTORELEASING = YES;
				CLANG_WARN_BOOL_CONVERSION = YES;
				CLANG_WARN_COMMA = YES;
				CLANG_WARN_CONSTANT_CONVERSION = YES;
				CLANG_WARN_DEPRECATED_OBJC_IMPLEMENTATIONS = YES;
				CLANG_WARN_DIRECT_OBJC_ISA_USAGE = YES_ERROR;
				CLANG_WARN_DOCUMENTATION_COMMENTS = YES;
				CLANG_WARN_EMPTY_BODY = YES;
				CLANG_WARN_ENUM_CONVERSION = YES;
				CLANG_WARN_INFINITE_RECURSION = YES;
				CLANG_WARN_INT_CONVERSION = YES;
				CLANG_WARN_NON_LITERAL_NULL_CONVERSION = YES;
				CLANG_WARN_OBJC_IMPLICIT_RETAIN_SELF = YES;
				CLANG_WARN_OBJC_LITERAL_CONVERSION = YES;
				CLANG_WARN_OBJC_ROOT_CLASS = YES_ERROR;
				CLANG_WARN_QUOTED_INCLUDE_IN_FRAMEWORK_HEADER = YES;
				CLANG_WARN_RANGE_LOOP_ANALYSIS = YES;
				CLANG_WARN_STRICT_PROTOTYPES = YES;
				CLANG_WARN_SUSPICIOUS_MOVE = YES;
				CLANG_WARN_UNGUARDED_AVAILABILITY = YES_AGGRESSIVE;
				CLANG_WARN_UNREACHABLE_CODE = YES;
				CLANG_WARN__DUPLICATE_METHOD_MATCH = YES;
				COPY_PHASE_STRIP = NO;
				DEBUG_INFORMATION_FORMAT = dwarf;
				ENABLE_STRICT_OBJC_MSGSEND = YES;
				ENABLE_TESTABILITY = YES;
				GCC_C_LANGUAGE_STANDARD = gnu11;
				GCC_DYNAMIC_NO_PIC = NO;
				GCC_NO_COMMON_BLOCKS = YES;
				GCC_OPTIMIZATION_LEVEL = 0;
				GCC_PREPROCESSOR_DEFINITIONS = (
					"DEBUG=1",
					"$(inherited)",
				);
				GCC_WARN_64_TO_32_BIT_CONVERSION = YES;
				GCC_WARN_ABOUT_RETURN_TYPE = YES_ERROR;
				GCC_WARN_UNDECLARED_SELECTOR = YES;
				GCC_WARN_UNINITIALIZED_AUTOS = YES_AGGRESSIVE;
				GCC_WARN_UNUSED_FUNCTION = YES;
				GCC_WARN_UNUSED_VARIABLE = YES;
				IPHONEOS_DEPLOYMENT_TARGET = 15.5;
				MTL_ENABLE_DEBUG_INFO = INCLUDE_SOURCE;
				MTL_FAST_MATH = YES;
				ONLY_ACTIVE_ARCH = YES;
				SDKROOT = iphoneos;
				SWIFT_ACTIVE_COMPILATION_CONDITIONS = DEBUG;
				SWIFT_OPTIMIZATION_LEVEL = "-Onone";
			};
			name = Debug;
		};
		A49B0B9C28A5EC7D003F9DC1 /* Release */ = {
			isa = XCBuildConfiguration;
			buildSettings = {
				ALWAYS_SEARCH_USER_PATHS = NO;
				CLANG_ANALYZER_NONNULL = YES;
				CLANG_ANALYZER_NUMBER_OBJECT_CONVERSION = YES_AGGRESSIVE;
				CLANG_CXX_LANGUAGE_STANDARD = "gnu++17";
				CLANG_ENABLE_MODULES = YES;
				CLANG_ENABLE_OBJC_ARC = YES;
				CLANG_ENABLE_OBJC_WEAK = YES;
				CLANG_WARN_BLOCK_CAPTURE_AUTORELEASING = YES;
				CLANG_WARN_BOOL_CONVERSION = YES;
				CLANG_WARN_COMMA = YES;
				CLANG_WARN_CONSTANT_CONVERSION = YES;
				CLANG_WARN_DEPRECATED_OBJC_IMPLEMENTATIONS = YES;
				CLANG_WARN_DIRECT_OBJC_ISA_USAGE = YES_ERROR;
				CLANG_WARN_DOCUMENTATION_COMMENTS = YES;
				CLANG_WARN_EMPTY_BODY = YES;
				CLANG_WARN_ENUM_CONVERSION = YES;
				CLANG_WARN_INFINITE_RECURSION = YES;
				CLANG_WARN_INT_CONVERSION = YES;
				CLANG_WARN_NON_LITERAL_NULL_CONVERSION = YES;
				CLANG_WARN_OBJC_IMPLICIT_RETAIN_SELF = YES;
				CLANG_WARN_OBJC_LITERAL_CONVERSION = YES;
				CLANG_WARN_OBJC_ROOT_CLASS = YES_ERROR;
				CLANG_WARN_QUOTED_INCLUDE_IN_FRAMEWORK_HEADER = YES;
				CLANG_WARN_RANGE_LOOP_ANALYSIS = YES;
				CLANG_WARN_STRICT_PROTOTYPES = YES;
				CLANG_WARN_SUSPICIOUS_MOVE = YES;
				CLANG_WARN_UNGUARDED_AVAILABILITY = YES_AGGRESSIVE;
				CLANG_WARN_UNREACHABLE_CODE = YES;
				CLANG_WARN__DUPLICATE_METHOD_MATCH = YES;
				COPY_PHASE_STRIP = NO;
				DEBUG_INFORMATION_FORMAT = "dwarf-with-dsym";
				ENABLE_NS_ASSERTIONS = NO;
				ENABLE_STRICT_OBJC_MSGSEND = YES;
				GCC_C_LANGUAGE_STANDARD = gnu11;
				GCC_NO_COMMON_BLOCKS = YES;
				GCC_WARN_64_TO_32_BIT_CONVERSION = YES;
				GCC_WARN_ABOUT_RETURN_TYPE = YES_ERROR;
				GCC_WARN_UNDECLARED_SELECTOR = YES;
				GCC_WARN_UNINITIALIZED_AUTOS = YES_AGGRESSIVE;
				GCC_WARN_UNUSED_FUNCTION = YES;
				GCC_WARN_UNUSED_VARIABLE = YES;
				IPHONEOS_DEPLOYMENT_TARGET = 15.5;
				MTL_ENABLE_DEBUG_INFO = NO;
				MTL_FAST_MATH = YES;
				SDKROOT = iphoneos;
				SWIFT_COMPILATION_MODE = wholemodule;
				SWIFT_OPTIMIZATION_LEVEL = "-O";
				VALIDATE_PRODUCT = YES;
			};
			name = Release;
		};
		A49B0B9E28A5EC7D003F9DC1 /* Debug */ = {
			isa = XCBuildConfiguration;
			buildSettings = {
				ASSETCATALOG_COMPILER_APPICON_NAME = AppIcon;
				ASSETCATALOG_COMPILER_GLOBAL_ACCENT_COLOR_NAME = AccentColor;
				CODE_SIGN_STYLE = Automatic;
				CURRENT_PROJECT_VERSION = 1;
				DEVELOPMENT_TEAM = Y5ZP3NDNWZ;
				GENERATE_INFOPLIST_FILE = YES;
				INFOPLIST_FILE = DayCode/Info.plist;
				INFOPLIST_KEY_UIApplicationSupportsIndirectInputEvents = YES;
				INFOPLIST_KEY_UILaunchStoryboardName = LaunchScreen;
				INFOPLIST_KEY_UIMainStoryboardFile = Main;
				INFOPLIST_KEY_UISupportedInterfaceOrientations_iPad = "UIInterfaceOrientationPortrait UIInterfaceOrientationPortraitUpsideDown UIInterfaceOrientationLandscapeLeft UIInterfaceOrientationLandscapeRight";
				INFOPLIST_KEY_UISupportedInterfaceOrientations_iPhone = "UIInterfaceOrientationPortrait UIInterfaceOrientationLandscapeLeft UIInterfaceOrientationLandscapeRight";
				LD_RUNPATH_SEARCH_PATHS = (
					"$(inherited)",
					"@executable_path/Frameworks",
				);
				MARKETING_VERSION = 1.0;
				PRODUCT_BUNDLE_IDENTIFIER = zyy.DayCode;
				PRODUCT_NAME = "$(TARGET_NAME)";
				SWIFT_EMIT_LOC_STRINGS = YES;
				SWIFT_VERSION = 5.0;
				TARGETED_DEVICE_FAMILY = "1,2";
			};
			name = Debug;
		};
		A49B0B9F28A5EC7D003F9DC1 /* Release */ = {
			isa = XCBuildConfiguration;
			buildSettings = {
				ASSETCATALOG_COMPILER_APPICON_NAME = AppIcon;
				ASSETCATALOG_COMPILER_GLOBAL_ACCENT_COLOR_NAME = AccentColor;
				CODE_SIGN_STYLE = Automatic;
				CURRENT_PROJECT_VERSION = 1;
				DEVELOPMENT_TEAM = Y5ZP3NDNWZ;
				GENERATE_INFOPLIST_FILE = YES;
				INFOPLIST_FILE = DayCode/Info.plist;
				INFOPLIST_KEY_UIApplicationSupportsIndirectInputEvents = YES;
				INFOPLIST_KEY_UILaunchStoryboardName = LaunchScreen;
				INFOPLIST_KEY_UIMainStoryboardFile = Main;
				INFOPLIST_KEY_UISupportedInterfaceOrientations_iPad = "UIInterfaceOrientationPortrait UIInterfaceOrientationPortraitUpsideDown UIInterfaceOrientationLandscapeLeft UIInterfaceOrientationLandscapeRight";
				INFOPLIST_KEY_UISupportedInterfaceOrientations_iPhone = "UIInterfaceOrientationPortrait UIInterfaceOrientationLandscapeLeft UIInterfaceOrientationLandscapeRight";
				LD_RUNPATH_SEARCH_PATHS = (
					"$(inherited)",
					"@executable_path/Frameworks",
				);
				MARKETING_VERSION = 1.0;
				PRODUCT_BUNDLE_IDENTIFIER = zyy.DayCode;
				PRODUCT_NAME = "$(TARGET_NAME)";
				SWIFT_EMIT_LOC_STRINGS = YES;
				SWIFT_VERSION = 5.0;
				TARGETED_DEVICE_FAMILY = "1,2";
			};
			name = Release;
		};
/* End XCBuildConfiguration section */

/* Begin XCConfigurationList section */
		A49B0B8428A5EC7B003F9DC1 /* Build configuration list for PBXProject "DayCode" */ = {
			isa = XCConfigurationList;
			buildConfigurations = (
				A49B0B9B28A5EC7D003F9DC1 /* Debug */,
				A49B0B9C28A5EC7D003F9DC1 /* Release */,
			);
			defaultConfigurationIsVisible = 0;
			defaultConfigurationName = Release;
		};
		A49B0B9D28A5EC7D003F9DC1 /* Build configuration list for PBXNativeTarget "DayCode" */ = {
			isa = XCConfigurationList;
			buildConfigurations = (
				A49B0B9E28A5EC7D003F9DC1 /* Debug */,
				A49B0B9F28A5EC7D003F9DC1 /* Release */,
			);
			defaultConfigurationIsVisible = 0;
			defaultConfigurationName = Release;
		};
/* End XCConfigurationList section */
	};
	rootObject = A49B0B8128A5EC7B003F9DC1 /* Project object */;
}
